dependencies:
  espressif/touch_element:
    dependencies: []
    source:
      path: components\espressif__touch_element
      type: local
    version: 1.1.2
  idf:
    source:
      type: idf
    version: 6.0.0
direct_dependencies:
- espressif/touch_element
- idf
manifest_hash: 0ae18ec72482f2e5a9eaed87aafe8820dc2d27c2ee8474fe6bcd64e58e8e1269
target: esp32s2
version: 3.0.0
